// !$*UTF8*$!
{
	archiveVersion = 1;
	classes = {
	};
	objectVersion = 50;
	objects = {

/* Begin PBXBuildFile section */
		AE3AC43D233382790026F70B /* ASTEvaluator.swift in Sources */ = {isa = PBXBuildFile; fileRef = AE3AC43C233382790026F70B /* ASTEvaluator.swift */; };
		AE3AC457233384450026F70B /* PlayScriptListener.swift in Sources */ = {isa = PBXBuildFile; fileRef = AE3AC440233384450026F70B /* PlayScriptListener.swift */; };
		AE3AC458233384450026F70B /* PlayScriptBaseListener.swift in Sources */ = {isa = PBXBuildFile; fileRef = AE3AC442233384450026F70B /* PlayScriptBaseListener.swift */; };
		AE3AC459233384450026F70B /* PlayScriptParser.swift in Sources */ = {isa = PBXBuildFile; fileRef = AE3AC443233384450026F70B /* PlayScriptParser.swift */; };
		AE3AC45A233384450026F70B /* PlayScriptLexer.java in Sources */ = {isa = PBXBuildFile; fileRef = AE3AC449233384450026F70B /* PlayScriptLexer.java */; };
		AE3AC45B233384450026F70B /* CommonLexer.java in Sources */ = {isa = PBXBuildFile; fileRef = AE3AC44B233384450026F70B /* CommonLexer.java */; };
		AE3AC45C233384450026F70B /* PlayScriptParser.java in Sources */ = {isa = PBXBuildFile; fileRef = AE3AC44E233384450026F70B /* PlayScriptParser.java */; };
		AE3AC45D233384450026F70B /* PlayScriptLexer.swift in Sources */ = {isa = PBXBuildFile; fileRef = AE3AC452233384450026F70B /* PlayScriptLexer.swift */; };
		AE3AC45E233384450026F70B /* PlayScriptBaseVisitor.swift in Sources */ = {isa = PBXBuildFile; fileRef = AE3AC453233384450026F70B /* PlayScriptBaseVisitor.swift */; };
		AE3AC45F233384450026F70B /* PlayScriptParserATN.swift in Sources */ = {isa = PBXBuildFile; fileRef = AE3AC454233384450026F70B /* PlayScriptParserATN.swift */; };
		AE3AC460233384450026F70B /* PlayScriptVisitor.swift in Sources */ = {isa = PBXBuildFile; fileRef = AE3AC455233384450026F70B /* PlayScriptVisitor.swift */; };
		AE3AC461233384450026F70B /* PlayScriptLexerATN.swift in Sources */ = {isa = PBXBuildFile; fileRef = AE3AC456233384450026F70B /* PlayScriptLexerATN.swift */; };
		AE3AC47423339A5D0026F70B /* PrimitiveType.swift in Sources */ = {isa = PBXBuildFile; fileRef = AE3AC47323339A5D0026F70B /* PrimitiveType.swift */; };
		AE5E918B232194FF0084DA47 /* PlayScript.swift in Sources */ = {isa = PBXBuildFile; fileRef = AE5E90F0232194FF0084DA47 /* PlayScript.swift */; };
		AE5E918C232194FF0084DA47 /* Scope.swift in Sources */ = {isa = PBXBuildFile; fileRef = AE5E90F1232194FF0084DA47 /* Scope.swift */; };
		AE5E918D232194FF0084DA47 /* Symbol.swift in Sources */ = {isa = PBXBuildFile; fileRef = AE5E90F2232194FF0084DA47 /* Symbol.swift */; };
		AE61939B23219AC3005F4264 /* Variable.swift in Sources */ = {isa = PBXBuildFile; fileRef = AE61939A23219AC3005F4264 /* Variable.swift */; };
		AE61939D23219B57005F4264 /* Type.swift in Sources */ = {isa = PBXBuildFile; fileRef = AE61939C23219B57005F4264 /* Type.swift */; };
		AE7F2FDD23377AD5000B9D7E /* ClosureAnalyzer.swift in Sources */ = {isa = PBXBuildFile; fileRef = AE7F2FDC23377AD5000B9D7E /* ClosureAnalyzer.swift */; };
		AE7F2FE223378507000B9D7E /* PlayObject.swift in Sources */ = {isa = PBXBuildFile; fileRef = AE7F2FE123378507000B9D7E /* PlayObject.swift */; };
		AE7F2FE4233785F9000B9D7E /* Class.swift in Sources */ = {isa = PBXBuildFile; fileRef = AE7F2FE3233785F9000B9D7E /* Class.swift */; };
		AE7F2FE623378602000B9D7E /* ClassObject.swift in Sources */ = {isa = PBXBuildFile; fileRef = AE7F2FE523378602000B9D7E /* ClassObject.swift */; };
		AE7F2FE823378609000B9D7E /* NullObject.swift in Sources */ = {isa = PBXBuildFile; fileRef = AE7F2FE723378609000B9D7E /* NullObject.swift */; };
		AE9198C9231708BF008B356A /* main.swift in Sources */ = {isa = PBXBuildFile; fileRef = AE9198C8231708BF008B356A /* main.swift */; };
		AEA353CD23379DD5001CBA6B /* This.swift in Sources */ = {isa = PBXBuildFile; fileRef = AEA353CC23379DD5001CBA6B /* This.swift */; };
		AEA353D223379EA8001CBA6B /* LValue.swift in Sources */ = {isa = PBXBuildFile; fileRef = AEA353D123379EA8001CBA6B /* LValue.swift */; };
		AEA353D423379F85001CBA6B /* StackFrame.swift in Sources */ = {isa = PBXBuildFile; fileRef = AEA353D323379F85001CBA6B /* StackFrame.swift */; };
		AEA353D62337A248001CBA6B /* BlockScope.swift in Sources */ = {isa = PBXBuildFile; fileRef = AEA353D52337A248001CBA6B /* BlockScope.swift */; };
		AEA353D82337A42F001CBA6B /* FunctionObject.swift in Sources */ = {isa = PBXBuildFile; fileRef = AEA353D72337A42F001CBA6B /* FunctionObject.swift */; };
		AEC4B7542323B7EE008F300C /* FunctionType.swift in Sources */ = {isa = PBXBuildFile; fileRef = AEC4B7532323B7EE008F300C /* FunctionType.swift */; };
		AEC4B7562323B7F6008F300C /* Function.swift in Sources */ = {isa = PBXBuildFile; fileRef = AEC4B7552323B7F6008F300C /* Function.swift */; };
		AEC4B7582323BC12008F300C /* DefaultFunctionType.swift in Sources */ = {isa = PBXBuildFile; fileRef = AEC4B7572323BC12008F300C /* DefaultFunctionType.swift */; };
		AEC4B75A232494C0008F300C /* AnnotatedTree.swift in Sources */ = {isa = PBXBuildFile; fileRef = AEC4B759232494C0008F300C /* AnnotatedTree.swift */; };
		AEC4B75C232498B3008F300C /* CompilationLog.swift in Sources */ = {isa = PBXBuildFile; fileRef = AEC4B75B232498B3008F300C /* CompilationLog.swift */; };
/* End PBXBuildFile section */

/* Begin PBXContainerItemProxy section */
		AE3AC46B2333938F0026F70B /* PBXContainerItemProxy */ = {
			isa = PBXContainerItemProxy;
			containerPortal = AE3AC4642333938F0026F70B /* Antlr4.xcodeproj */;
			proxyType = 2;
			remoteGlobalIDString = "Antlr4::Antlr4::Product";
			remoteInfo = Antlr4;
		};
		AE3AC46D2333938F0026F70B /* PBXContainerItemProxy */ = {
			isa = PBXContainerItemProxy;
			containerPortal = AE3AC4642333938F0026F70B /* Antlr4.xcodeproj */;
			proxyType = 2;
			remoteGlobalIDString = "Antlr4::Antlr4Tests::Product";
			remoteInfo = Antlr4Tests;
		};
		AE3AC4712333943C0026F70B /* PBXContainerItemProxy */ = {
			isa = PBXContainerItemProxy;
			containerPortal = AE3AC4642333938F0026F70B /* Antlr4.xcodeproj */;
			proxyType = 1;
			remoteGlobalIDString = "Antlr4::Antlr4";
			remoteInfo = Antlr4;
		};
/* End PBXContainerItemProxy section */

/* Begin PBXCopyFilesBuildPhase section */
		AE9198C3231708BF008B356A /* CopyFiles */ = {
			isa = PBXCopyFilesBuildPhase;
			buildActionMask = 2147483647;
			dstPath = /usr/share/man/man1/;
			dstSubfolderSpec = 0;
			files = (
			);
			runOnlyForDeploymentPostprocessing = 1;
		};
/* End PBXCopyFilesBuildPhase section */

/* Begin PBXFileReference section */
		AE3AC43C233382790026F70B /* ASTEvaluator.swift */ = {isa = PBXFileReference; lastKnownFileType = sourcecode.swift; path = ASTEvaluator.swift; sourceTree = "<group>"; };
		AE3AC43F233384450026F70B /* PlayScript.interp */ = {isa = PBXFileReference; fileEncoding = 4; lastKnownFileType = text; path = PlayScript.interp; sourceTree = "<group>"; };
		AE3AC440233384450026F70B /* PlayScriptListener.swift */ = {isa = PBXFileReference; fileEncoding = 4; lastKnownFileType = sourcecode.swift; path = PlayScriptListener.swift; sourceTree = "<group>"; };
		AE3AC441233384450026F70B /* PlayScriptLexer.interp */ = {isa = PBXFileReference; fileEncoding = 4; lastKnownFileType = text; path = PlayScriptLexer.interp; sourceTree = "<group>"; };
		AE3AC442233384450026F70B /* PlayScriptBaseListener.swift */ = {isa = PBXFileReference; fileEncoding = 4; lastKnownFileType = sourcecode.swift; path = PlayScriptBaseListener.swift; sourceTree = "<group>"; };
		AE3AC443233384450026F70B /* PlayScriptParser.swift */ = {isa = PBXFileReference; fileEncoding = 4; lastKnownFileType = sourcecode.swift; path = PlayScriptParser.swift; sourceTree = "<group>"; };
		AE3AC444233384450026F70B /* PlayScript.g4 */ = {isa = PBXFileReference; fileEncoding = 4; lastKnownFileType = text; path = PlayScript.g4; sourceTree = "<group>"; };
		AE3AC446233384450026F70B /* PlayScript.interp */ = {isa = PBXFileReference; fileEncoding = 4; lastKnownFileType = text; path = PlayScript.interp; sourceTree = "<group>"; };
		AE3AC447233384450026F70B /* PlayScriptLexer.interp */ = {isa = PBXFileReference; fileEncoding = 4; lastKnownFileType = text; path = PlayScriptLexer.interp; sourceTree = "<group>"; };
		AE3AC448233384450026F70B /* CommonLexer.interp */ = {isa = PBXFileReference; fileEncoding = 4; lastKnownFileType = text; path = CommonLexer.interp; sourceTree = "<group>"; };
		AE3AC449233384450026F70B /* PlayScriptLexer.java */ = {isa = PBXFileReference; fileEncoding = 4; lastKnownFileType = sourcecode.java; path = PlayScriptLexer.java; sourceTree = "<group>"; };
		AE3AC44A233384450026F70B /* PlayScriptLexer.tokens */ = {isa = PBXFileReference; fileEncoding = 4; lastKnownFileType = text; path = PlayScriptLexer.tokens; sourceTree = "<group>"; };
		AE3AC44B233384450026F70B /* CommonLexer.java */ = {isa = PBXFileReference; fileEncoding = 4; lastKnownFileType = sourcecode.java; path = CommonLexer.java; sourceTree = "<group>"; };
		AE3AC44C233384450026F70B /* PlayScript.tokens */ = {isa = PBXFileReference; fileEncoding = 4; lastKnownFileType = text; path = PlayScript.tokens; sourceTree = "<group>"; };
		AE3AC44D233384450026F70B /* CommonLexer.tokens */ = {isa = PBXFileReference; fileEncoding = 4; lastKnownFileType = text; path = CommonLexer.tokens; sourceTree = "<group>"; };
		AE3AC44E233384450026F70B /* PlayScriptParser.java */ = {isa = PBXFileReference; fileEncoding = 4; lastKnownFileType = sourcecode.java; path = PlayScriptParser.java; sourceTree = "<group>"; };
		AE3AC44F233384450026F70B /* PlayScriptLexer.tokens */ = {isa = PBXFileReference; fileEncoding = 4; lastKnownFileType = text; path = PlayScriptLexer.tokens; sourceTree = "<group>"; };
		AE3AC450233384450026F70B /* PlayScript.tokens */ = {isa = PBXFileReference; fileEncoding = 4; lastKnownFileType = text; path = PlayScript.tokens; sourceTree = "<group>"; };
		AE3AC451233384450026F70B /* CommonLexer.g4 */ = {isa = PBXFileReference; fileEncoding = 4; lastKnownFileType = text; path = CommonLexer.g4; sourceTree = "<group>"; };
		AE3AC452233384450026F70B /* PlayScriptLexer.swift */ = {isa = PBXFileReference; fileEncoding = 4; lastKnownFileType = sourcecode.swift; path = PlayScriptLexer.swift; sourceTree = "<group>"; };
		AE3AC453233384450026F70B /* PlayScriptBaseVisitor.swift */ = {isa = PBXFileReference; fileEncoding = 4; lastKnownFileType = sourcecode.swift; path = PlayScriptBaseVisitor.swift; sourceTree = "<group>"; };
		AE3AC454233384450026F70B /* PlayScriptParserATN.swift */ = {isa = PBXFileReference; fileEncoding = 4; lastKnownFileType = sourcecode.swift; path = PlayScriptParserATN.swift; sourceTree = "<group>"; };
		AE3AC455233384450026F70B /* PlayScriptVisitor.swift */ = {isa = PBXFileReference; fileEncoding = 4; lastKnownFileType = sourcecode.swift; path = PlayScriptVisitor.swift; sourceTree = "<group>"; };
		AE3AC456233384450026F70B /* PlayScriptLexerATN.swift */ = {isa = PBXFileReference; fileEncoding = 4; lastKnownFileType = sourcecode.swift; path = PlayScriptLexerATN.swift; sourceTree = "<group>"; };
		AE3AC4642333938F0026F70B /* Antlr4.xcodeproj */ = {isa = PBXFileReference; lastKnownFileType = "wrapper.pb-project"; name = Antlr4.xcodeproj; path = ../../../../Downloads/antlr4/runtime/Swift/Antlr4.xcodeproj; sourceTree = "<group>"; };
		AE3AC47323339A5D0026F70B /* PrimitiveType.swift */ = {isa = PBXFileReference; lastKnownFileType = sourcecode.swift; path = PrimitiveType.swift; sourceTree = "<group>"; };
		AE5E90F0232194FF0084DA47 /* PlayScript.swift */ = {isa = PBXFileReference; fileEncoding = 4; lastKnownFileType = sourcecode.swift; path = PlayScript.swift; sourceTree = "<group>"; };
		AE5E90F1232194FF0084DA47 /* Scope.swift */ = {isa = PBXFileReference; fileEncoding = 4; lastKnownFileType = sourcecode.swift; path = Scope.swift; sourceTree = "<group>"; };
		AE5E90F2232194FF0084DA47 /* Symbol.swift */ = {isa = PBXFileReference; fileEncoding = 4; lastKnownFileType = sourcecode.swift; path = Symbol.swift; sourceTree = "<group>"; };
		AE61939A23219AC3005F4264 /* Variable.swift */ = {isa = PBXFileReference; lastKnownFileType = sourcecode.swift; path = Variable.swift; sourceTree = "<group>"; };
		AE61939C23219B57005F4264 /* Type.swift */ = {isa = PBXFileReference; lastKnownFileType = sourcecode.swift; path = Type.swift; sourceTree = "<group>"; };
		AE7F2FDC23377AD5000B9D7E /* ClosureAnalyzer.swift */ = {isa = PBXFileReference; lastKnownFileType = sourcecode.swift; path = ClosureAnalyzer.swift; sourceTree = "<group>"; };
		AE7F2FE123378507000B9D7E /* PlayObject.swift */ = {isa = PBXFileReference; lastKnownFileType = sourcecode.swift; path = PlayObject.swift; sourceTree = "<group>"; };
		AE7F2FE3233785F9000B9D7E /* Class.swift */ = {isa = PBXFileReference; lastKnownFileType = sourcecode.swift; path = Class.swift; sourceTree = "<group>"; };
		AE7F2FE523378602000B9D7E /* ClassObject.swift */ = {isa = PBXFileReference; lastKnownFileType = sourcecode.swift; path = ClassObject.swift; sourceTree = "<group>"; };
		AE7F2FE723378609000B9D7E /* NullObject.swift */ = {isa = PBXFileReference; lastKnownFileType = sourcecode.swift; path = NullObject.swift; sourceTree = "<group>"; };
		AE9198C5231708BF008B356A /* PlayWithCompiler */ = {isa = PBXFileReference; explicitFileType = "compiled.mach-o.executable"; includeInIndex = 0; path = PlayWithCompiler; sourceTree = BUILT_PRODUCTS_DIR; };
		AE9198C8231708BF008B356A /* main.swift */ = {isa = PBXFileReference; lastKnownFileType = sourcecode.swift; path = main.swift; sourceTree = "<group>"; };
		AEA353CC23379DD5001CBA6B /* This.swift */ = {isa = PBXFileReference; lastKnownFileType = sourcecode.swift; path = This.swift; sourceTree = "<group>"; };
		AEA353D123379EA8001CBA6B /* LValue.swift */ = {isa = PBXFileReference; lastKnownFileType = sourcecode.swift; path = LValue.swift; sourceTree = "<group>"; };
		AEA353D323379F85001CBA6B /* StackFrame.swift */ = {isa = PBXFileReference; lastKnownFileType = sourcecode.swift; path = StackFrame.swift; sourceTree = "<group>"; };
		AEA353D52337A248001CBA6B /* BlockScope.swift */ = {isa = PBXFileReference; lastKnownFileType = sourcecode.swift; path = BlockScope.swift; sourceTree = "<group>"; };
		AEA353D72337A42F001CBA6B /* FunctionObject.swift */ = {isa = PBXFileReference; lastKnownFileType = sourcecode.swift; path = FunctionObject.swift; sourceTree = "<group>"; };
		AEC4B7532323B7EE008F300C /* FunctionType.swift */ = {isa = PBXFileReference; lastKnownFileType = sourcecode.swift; path = FunctionType.swift; sourceTree = "<group>"; };
		AEC4B7552323B7F6008F300C /* Function.swift */ = {isa = PBXFileReference; lastKnownFileType = sourcecode.swift; path = Function.swift; sourceTree = "<group>"; };
		AEC4B7572323BC12008F300C /* DefaultFunctionType.swift */ = {isa = PBXFileReference; lastKnownFileType = sourcecode.swift; path = DefaultFunctionType.swift; sourceTree = "<group>"; };
		AEC4B759232494C0008F300C /* AnnotatedTree.swift */ = {isa = PBXFileReference; lastKnownFileType = sourcecode.swift; path = AnnotatedTree.swift; sourceTree = "<group>"; };
		AEC4B75B232498B3008F300C /* CompilationLog.swift */ = {isa = PBXFileReference; lastKnownFileType = sourcecode.swift; path = CompilationLog.swift; sourceTree = "<group>"; };
/* End PBXFileReference section */

/* Begin PBXFrameworksBuildPhase section */
		AE9198C2231708BF008B356A /* Frameworks */ = {
			isa = PBXFrameworksBuildPhase;
			buildActionMask = 2147483647;
			files = (
			);
			runOnlyForDeploymentPostprocessing = 0;
		};
/* End PBXFrameworksBuildPhase section */

/* Begin PBXGroup section */
		AE3AC43E233384450026F70B /* Grammer */ = {
			isa = PBXGroup;
			children = (
				AE3AC43F233384450026F70B /* PlayScript.interp */,
				AE3AC440233384450026F70B /* PlayScriptListener.swift */,
				AE3AC441233384450026F70B /* PlayScriptLexer.interp */,
				AE3AC442233384450026F70B /* PlayScriptBaseListener.swift */,
				AE3AC443233384450026F70B /* PlayScriptParser.swift */,
				AE3AC444233384450026F70B /* PlayScript.g4 */,
				AE3AC445233384450026F70B /* .antlr */,
				AE3AC44F233384450026F70B /* PlayScriptLexer.tokens */,
				AE3AC450233384450026F70B /* PlayScript.tokens */,
				AE3AC451233384450026F70B /* CommonLexer.g4 */,
				AE3AC452233384450026F70B /* PlayScriptLexer.swift */,
				AE3AC453233384450026F70B /* PlayScriptBaseVisitor.swift */,
				AE3AC454233384450026F70B /* PlayScriptParserATN.swift */,
				AE3AC455233384450026F70B /* PlayScriptVisitor.swift */,
				AE3AC456233384450026F70B /* PlayScriptLexerATN.swift */,
			);
			path = Grammer;
			sourceTree = "<group>";
		};
		AE3AC445233384450026F70B /* .antlr */ = {
			isa = PBXGroup;
			children = (
				AE3AC446233384450026F70B /* PlayScript.interp */,
				AE3AC447233384450026F70B /* PlayScriptLexer.interp */,
				AE3AC448233384450026F70B /* CommonLexer.interp */,
				AE3AC449233384450026F70B /* PlayScriptLexer.java */,
				AE3AC44A233384450026F70B /* PlayScriptLexer.tokens */,
				AE3AC44B233384450026F70B /* CommonLexer.java */,
				AE3AC44C233384450026F70B /* PlayScript.tokens */,
				AE3AC44D233384450026F70B /* CommonLexer.tokens */,
				AE3AC44E233384450026F70B /* PlayScriptParser.java */,
			);
			path = .antlr;
			sourceTree = "<group>";
		};
		AE3AC4652333938F0026F70B /* Products */ = {
			isa = PBXGroup;
			children = (
				AE3AC46C2333938F0026F70B /* Antlr4.framework */,
				AE3AC46E2333938F0026F70B /* Antlr4Tests.xctest */,
			);
			name = Products;
			sourceTree = "<group>";
		};
		AE5E904523218E760084DA47 /* PlayScript */ = {
			isa = PBXGroup;
			children = (
				AE5E90EF232194FF0084DA47 /* Source */,
			);
			path = PlayScript;
			sourceTree = "<group>";
		};
		AE5E90EF232194FF0084DA47 /* Source */ = {
			isa = PBXGroup;
			children = (
				AE3AC43E233384450026F70B /* Grammer */,
				AE5E90F0232194FF0084DA47 /* PlayScript.swift */,
				AE61939C23219B57005F4264 /* Type.swift */,
				AE5E90F2232194FF0084DA47 /* Symbol.swift */,
				AE61939A23219AC3005F4264 /* Variable.swift */,
				AE5E90F1232194FF0084DA47 /* Scope.swift */,
				AEC4B7532323B7EE008F300C /* FunctionType.swift */,
				AEC4B7572323BC12008F300C /* DefaultFunctionType.swift */,
				AEC4B7552323B7F6008F300C /* Function.swift */,
				AE7F2FE3233785F9000B9D7E /* Class.swift */,
				AE7F2FE523378602000B9D7E /* ClassObject.swift */,
				AE7F2FE723378609000B9D7E /* NullObject.swift */,
				AEA353D72337A42F001CBA6B /* FunctionObject.swift */,
				AEA353CC23379DD5001CBA6B /* This.swift */,
				AEA353D123379EA8001CBA6B /* LValue.swift */,
				AEA353D52337A248001CBA6B /* BlockScope.swift */,
				AE7F2FE123378507000B9D7E /* PlayObject.swift */,
				AEC4B759232494C0008F300C /* AnnotatedTree.swift */,
				AEC4B75B232498B3008F300C /* CompilationLog.swift */,
				AE3AC43C233382790026F70B /* ASTEvaluator.swift */,
				AE3AC47323339A5D0026F70B /* PrimitiveType.swift */,
				AE7F2FDC23377AD5000B9D7E /* ClosureAnalyzer.swift */,
				AEA353D323379F85001CBA6B /* StackFrame.swift */,
			);
			path = Source;
			sourceTree = "<group>";
		};
		AE9198BC231708BF008B356A = {
			isa = PBXGroup;
			children = (
				AE3AC4642333938F0026F70B /* Antlr4.xcodeproj */,
				AE9198C7231708BF008B356A /* PlayWithCompiler */,
				AE9198C6231708BF008B356A /* Products */,
			);
			sourceTree = "<group>";
		};
		AE9198C6231708BF008B356A /* Products */ = {
			isa = PBXGroup;
			children = (
				AE9198C5231708BF008B356A /* PlayWithCompiler */,
			);
			name = Products;
			sourceTree = "<group>";
		};
		AE9198C7231708BF008B356A /* PlayWithCompiler */ = {
			isa = PBXGroup;
			children = (
				AE5E904523218E760084DA47 /* PlayScript */,
				AE9198C8231708BF008B356A /* main.swift */,
			);
			path = PlayWithCompiler;
			sourceTree = "<group>";
		};
/* End PBXGroup section */

/* Begin PBXNativeTarget section */
		AE9198C4231708BF008B356A /* PlayWithCompiler */ = {
			isa = PBXNativeTarget;
			buildConfigurationList = AE9198CC231708BF008B356A /* Build configuration list for PBXNativeTarget "PlayWithCompiler" */;
			buildPhases = (
				AE9198C1231708BF008B356A /* Sources */,
				AE9198C2231708BF008B356A /* Frameworks */,
				AE9198C3231708BF008B356A /* CopyFiles */,
			);
			buildRules = (
			);
			dependencies = (
				AE3AC4722333943C0026F70B /* PBXTargetDependency */,
			);
			name = PlayWithCompiler;
			productName = PlayWithCompiler;
			productReference = AE9198C5231708BF008B356A /* PlayWithCompiler */;
			productType = "com.apple.product-type.tool";
		};
/* End PBXNativeTarget section */

/* Begin PBXProject section */
		AE9198BD231708BF008B356A /* Project object */ = {
			isa = PBXProject;
			attributes = {
				LastSwiftUpdateCheck = 1020;
				LastUpgradeCheck = 1020;
				ORGANIZATIONNAME = Smallfly;
				TargetAttributes = {
					AE9198C4231708BF008B356A = {
						CreatedOnToolsVersion = 10.2.1;
					};
				};
			};
			buildConfigurationList = AE9198C0231708BF008B356A /* Build configuration list for PBXProject "PlayWithCompiler" */;
			compatibilityVersion = "Xcode 9.3";
			developmentRegion = en;
			hasScannedForEncodings = 0;
			knownRegions = (
				en,
			);
			mainGroup = AE9198BC231708BF008B356A;
			productRefGroup = AE9198C6231708BF008B356A /* Products */;
			projectDirPath = "";
			projectReferences = (
				{
					ProductGroup = AE3AC4652333938F0026F70B /* Products */;
					ProjectRef = AE3AC4642333938F0026F70B /* Antlr4.xcodeproj */;
				},
			);
			projectRoot = "";
			targets = (
				AE9198C4231708BF008B356A /* PlayWithCompiler */,
			);
		};
/* End PBXProject section */

/* Begin PBXReferenceProxy section */
		AE3AC46C2333938F0026F70B /* Antlr4.framework */ = {
			isa = PBXReferenceProxy;
			fileType = wrapper.framework;
			path = Antlr4.framework;
			remoteRef = AE3AC46B2333938F0026F70B /* PBXContainerItemProxy */;
			sourceTree = BUILT_PRODUCTS_DIR;
		};
		AE3AC46E2333938F0026F70B /* Antlr4Tests.xctest */ = {
			isa = PBXReferenceProxy;
			fileType = file;
			path = Antlr4Tests.xctest;
			remoteRef = AE3AC46D2333938F0026F70B /* PBXContainerItemProxy */;
			sourceTree = BUILT_PRODUCTS_DIR;
		};
/* End PBXReferenceProxy section */

/* Begin PBXSourcesBuildPhase section */
		AE9198C1231708BF008B356A /* Sources */ = {
			isa = PBXSourcesBuildPhase;
			buildActionMask = 2147483647;
			files = (
				AE3AC45C233384450026F70B /* PlayScriptParser.java in Sources */,
				AE3AC47423339A5D0026F70B /* PrimitiveType.swift in Sources */,
				AE7F2FE223378507000B9D7E /* PlayObject.swift in Sources */,
				AE3AC457233384450026F70B /* PlayScriptListener.swift in Sources */,
				AE3AC460233384450026F70B /* PlayScriptVisitor.swift in Sources */,
				AE61939D23219B57005F4264 /* Type.swift in Sources */,
				AEA353D223379EA8001CBA6B /* LValue.swift in Sources */,
				AEC4B75A232494C0008F300C /* AnnotatedTree.swift in Sources */,
				AE3AC45B233384450026F70B /* CommonLexer.java in Sources */,
				AEC4B75C232498B3008F300C /* CompilationLog.swift in Sources */,
				AE7F2FE623378602000B9D7E /* ClassObject.swift in Sources */,
				AE61939B23219AC3005F4264 /* Variable.swift in Sources */,
				AEA353D423379F85001CBA6B /* StackFrame.swift in Sources */,
				AEC4B7562323B7F6008F300C /* Function.swift in Sources */,
				AEC4B7582323BC12008F300C /* DefaultFunctionType.swift in Sources */,
				AEA353CD23379DD5001CBA6B /* This.swift in Sources */,
				AE5E918D232194FF0084DA47 /* Symbol.swift in Sources */,
				AE3AC459233384450026F70B /* PlayScriptParser.swift in Sources */,
				AE3AC45F233384450026F70B /* PlayScriptParserATN.swift in Sources */,
				AE3AC45E233384450026F70B /* PlayScriptBaseVisitor.swift in Sources */,
				AE9198C9231708BF008B356A /* main.swift in Sources */,
				AE3AC458233384450026F70B /* PlayScriptBaseListener.swift in Sources */,
				AE3AC43D233382790026F70B /* ASTEvaluator.swift in Sources */,
				AE7F2FDD23377AD5000B9D7E /* ClosureAnalyzer.swift in Sources */,
				AEA353D62337A248001CBA6B /* BlockScope.swift in Sources */,
				AEC4B7542323B7EE008F300C /* FunctionType.swift in Sources */,
				AEA353D82337A42F001CBA6B /* FunctionObject.swift in Sources */,
				AE7F2FE4233785F9000B9D7E /* Class.swift in Sources */,
				AE5E918B232194FF0084DA47 /* PlayScript.swift in Sources */,
				AE5E918C232194FF0084DA47 /* Scope.swift in Sources */,
				AE7F2FE823378609000B9D7E /* NullObject.swift in Sources */,
				AE3AC461233384450026F70B /* PlayScriptLexerATN.swift in Sources */,
				AE3AC45D233384450026F70B /* PlayScriptLexer.swift in Sources */,
				AE3AC45A233384450026F70B /* PlayScriptLexer.java in Sources */,
			);
			runOnlyForDeploymentPostprocessing = 0;
		};
/* End PBXSourcesBuildPhase section */

/* Begin PBXTargetDependency section */
		AE3AC4722333943C0026F70B /* PBXTargetDependency */ = {
			isa = PBXTargetDependency;
			name = Antlr4;
			targetProxy = AE3AC4712333943C0026F70B /* PBXContainerItemProxy */;
		};
/* End PBXTargetDependency section */

/* Begin XCBuildConfiguration section */
		AE9198CA231708BF008B356A /* Debug */ = {
			isa = XCBuildConfiguration;
			buildSettings = {
				ALWAYS_SEARCH_USER_PATHS = NO;
				CLANG_ANALYZER_NONNULL = YES;
				CLANG_ANALYZER_NUMBER_OBJECT_CONVERSION = YES_AGGRESSIVE;
				CLANG_CXX_LANGUAGE_STANDARD = "gnu++14";
				CLANG_CXX_LIBRARY = "libc++";
				CLANG_ENABLE_MODULES = YES;
				CLANG_ENABLE_OBJC_ARC = YES;
				CLANG_ENABLE_OBJC_WEAK = YES;
				CLANG_WARN_BLOCK_CAPTURE_AUTORELEASING = YES;
				CLANG_WARN_BOOL_CONVERSION = YES;
				CLANG_WARN_COMMA = YES;
				CLANG_WARN_CONSTANT_CONVERSION = YES;
				CLANG_WARN_DEPRECATED_OBJC_IMPLEMENTATIONS = YES;
				CLANG_WARN_DIRECT_OBJC_ISA_USAGE = YES_ERROR;
				CLANG_WARN_DOCUMENTATION_COMMENTS = YES;
				CLANG_WARN_EMPTY_BODY = YES;
				CLANG_WARN_ENUM_CONVERSION = YES;
				CLANG_WARN_INFINITE_RECURSION = YES;
				CLANG_WARN_INT_CONVERSION = YES;
				CLANG_WARN_NON_LITERAL_NULL_CONVERSION = YES;
				CLANG_WARN_OBJC_IMPLICIT_RETAIN_SELF = YES;
				CLANG_WARN_OBJC_LITERAL_CONVERSION = YES;
				CLANG_WARN_OBJC_ROOT_CLASS = YES_ERROR;
				CLANG_WARN_RANGE_LOOP_ANALYSIS = YES;
				CLANG_WARN_STRICT_PROTOTYPES = YES;
				CLANG_WARN_SUSPICIOUS_MOVE = YES;
				CLANG_WARN_UNGUARDED_AVAILABILITY = YES_AGGRESSIVE;
				CLANG_WARN_UNREACHABLE_CODE = YES;
				CLANG_WARN__DUPLICATE_METHOD_MATCH = YES;
				CODE_SIGN_IDENTITY = "Mac Developer";
				COPY_PHASE_STRIP = NO;
				DEBUG_INFORMATION_FORMAT = dwarf;
				ENABLE_STRICT_OBJC_MSGSEND = YES;
				ENABLE_TESTABILITY = YES;
				GCC_C_LANGUAGE_STANDARD = gnu11;
				GCC_DYNAMIC_NO_PIC = NO;
				GCC_NO_COMMON_BLOCKS = YES;
				GCC_OPTIMIZATION_LEVEL = 0;
				GCC_PREPROCESSOR_DEFINITIONS = (
					"DEBUG=1",
					"$(inherited)",
				);
				GCC_WARN_64_TO_32_BIT_CONVERSION = YES;
				GCC_WARN_ABOUT_RETURN_TYPE = YES_ERROR;
				GCC_WARN_UNDECLARED_SELECTOR = YES;
				GCC_WARN_UNINITIALIZED_AUTOS = YES_AGGRESSIVE;
				GCC_WARN_UNUSED_FUNCTION = YES;
				GCC_WARN_UNUSED_VARIABLE = YES;
				MACOSX_DEPLOYMENT_TARGET = 10.14;
				MTL_ENABLE_DEBUG_INFO = INCLUDE_SOURCE;
				MTL_FAST_MATH = YES;
				ONLY_ACTIVE_ARCH = YES;
				SDKROOT = macosx;
				SWIFT_ACTIVE_COMPILATION_CONDITIONS = DEBUG;
				SWIFT_OPTIMIZATION_LEVEL = "-Onone";
			};
			name = Debug;
		};
		AE9198CB231708BF008B356A /* Release */ = {
			isa = XCBuildConfiguration;
			buildSettings = {
				ALWAYS_SEARCH_USER_PATHS = NO;
				CLANG_ANALYZER_NONNULL = YES;
				CLANG_ANALYZER_NUMBER_OBJECT_CONVERSION = YES_AGGRESSIVE;
				CLANG_CXX_LANGUAGE_STANDARD = "gnu++14";
				CLANG_CXX_LIBRARY = "libc++";
				CLANG_ENABLE_MODULES = YES;
				CLANG_ENABLE_OBJC_ARC = YES;
				CLANG_ENABLE_OBJC_WEAK = YES;
				CLANG_WARN_BLOCK_CAPTURE_AUTORELEASING = YES;
				CLANG_WARN_BOOL_CONVERSION = YES;
				CLANG_WARN_COMMA = YES;
				CLANG_WARN_CONSTANT_CONVERSION = YES;
				CLANG_WARN_DEPRECATED_OBJC_IMPLEMENTATIONS = YES;
				CLANG_WARN_DIRECT_OBJC_ISA_USAGE = YES_ERROR;
				CLANG_WARN_DOCUMENTATION_COMMENTS = YES;
				CLANG_WARN_EMPTY_BODY = YES;
				CLANG_WARN_ENUM_CONVERSION = YES;
				CLANG_WARN_INFINITE_RECURSION = YES;
				CLANG_WARN_INT_CONVERSION = YES;
				CLANG_WARN_NON_LITERAL_NULL_CONVERSION = YES;
				CLANG_WARN_OBJC_IMPLICIT_RETAIN_SELF = YES;
				CLANG_WARN_OBJC_LITERAL_CONVERSION = YES;
				CLANG_WARN_OBJC_ROOT_CLASS = YES_ERROR;
				CLANG_WARN_RANGE_LOOP_ANALYSIS = YES;
				CLANG_WARN_STRICT_PROTOTYPES = YES;
				CLANG_WARN_SUSPICIOUS_MOVE = YES;
				CLANG_WARN_UNGUARDED_AVAILABILITY = YES_AGGRESSIVE;
				CLANG_WARN_UNREACHABLE_CODE = YES;
				CLANG_WARN__DUPLICATE_METHOD_MATCH = YES;
				CODE_SIGN_IDENTITY = "Mac Developer";
				COPY_PHASE_STRIP = NO;
				DEBUG_INFORMATION_FORMAT = "dwarf-with-dsym";
				ENABLE_NS_ASSERTIONS = NO;
				ENABLE_STRICT_OBJC_MSGSEND = YES;
				GCC_C_LANGUAGE_STANDARD = gnu11;
				GCC_NO_COMMON_BLOCKS = YES;
				GCC_WARN_64_TO_32_BIT_CONVERSION = YES;
				GCC_WARN_ABOUT_RETURN_TYPE = YES_ERROR;
				GCC_WARN_UNDECLARED_SELECTOR = YES;
				GCC_WARN_UNINITIALIZED_AUTOS = YES_AGGRESSIVE;
				GCC_WARN_UNUSED_FUNCTION = YES;
				GCC_WARN_UNUSED_VARIABLE = YES;
				MACOSX_DEPLOYMENT_TARGET = 10.14;
				MTL_ENABLE_DEBUG_INFO = NO;
				MTL_FAST_MATH = YES;
				SDKROOT = macosx;
				SWIFT_COMPILATION_MODE = wholemodule;
				SWIFT_OPTIMIZATION_LEVEL = "-O";
			};
			name = Release;
		};
		AE9198CD231708BF008B356A /* Debug */ = {
			isa = XCBuildConfiguration;
			buildSettings = {
				CODE_SIGN_STYLE = Automatic;
				DEVELOPMENT_TEAM = CV662426PA;
				PRODUCT_NAME = "$(TARGET_NAME)";
				SWIFT_VERSION = 5.0;
			};
			name = Debug;
		};
		AE9198CE231708BF008B356A /* Release */ = {
			isa = XCBuildConfiguration;
			buildSettings = {
				CODE_SIGN_STYLE = Automatic;
				DEVELOPMENT_TEAM = CV662426PA;
				PRODUCT_NAME = "$(TARGET_NAME)";
				SWIFT_VERSION = 5.0;
			};
			name = Release;
		};
/* End XCBuildConfiguration section */

/* Begin XCConfigurationList section */
		AE9198C0231708BF008B356A /* Build configuration list for PBXProject "PlayWithCompiler" */ = {
			isa = XCConfigurationList;
			buildConfigurations = (
				AE9198CA231708BF008B356A /* Debug */,
				AE9198CB231708BF008B356A /* Release */,
			);
			defaultConfigurationIsVisible = 0;
			defaultConfigurationName = Release;
		};
		AE9198CC231708BF008B356A /* Build configuration list for PBXNativeTarget "PlayWithCompiler" */ = {
			isa = XCConfigurationList;
			buildConfigurations = (
				AE9198CD231708BF008B356A /* Debug */,
				AE9198CE231708BF008B356A /* Release */,
			);
			defaultConfigurationIsVisible = 0;
			defaultConfigurationName = Release;
		};
/* End XCConfigurationList section */
	};
	rootObject = AE9198BD231708BF008B356A /* Project object */;
}
